// !$*UTF8*$!
{
	archiveVersion = 1;
	classes = {
	};
	objectVersion = 50;
	objects = {

/* Begin PBXBuildFile section */
		5C031C7724F8D1AE00B4A51F /* AppDelegate.swift in Sources */ = {isa = PBXBuildFile; fileRef = 5C031C7624F8D1AE00B4A51F /* AppDelegate.swift */; };
		5C031C7924F8D1AE00B4A51F /* SceneDelegate.swift in Sources */ = {isa = PBXBuildFile; fileRef = 5C031C7824F8D1AE00B4A51F /* SceneDelegate.swift */; };
		5C031C7B24F8D1AE00B4A51F /* ViewController.swift in Sources */ = {isa = PBXBuildFile; fileRef = 5C031C7A24F8D1AE00B4A51F /* ViewController.swift */; };
		5C031C7E24F8D1AE00B4A51F /* Main.storyboard in Resources */ = {isa = PBXBuildFile; fileRef = 5C031C7C24F8D1AE00B4A51F /* Main.storyboard */; };
		5C031C8024F8D1B000B4A51F /* Assets.xcassets in Resources */ = {isa = PBXBuildFile; fileRef = 5C031C7F24F8D1B000B4A51F /* Assets.xcassets */; };
		5C031C8324F8D1B000B4A51F /* LaunchScreen.storyboard in Resources */ = {isa = PBXBuildFile; fileRef = 5C031C8124F8D1B000B4A51F /* LaunchScreen.storyboard */; };
		5C031C8E24F8D1B000B4A51F /* PinOnMapTests.swift in Sources */ = {isa = PBXBuildFile; fileRef = 5C031C8D24F8D1B000B4A51F /* PinOnMapTests.swift */; };
		5C031C9924F8D1B000B4A51F /* PinOnMapUITests.swift in Sources */ = {isa = PBXBuildFile; fileRef = 5C031C9824F8D1B000B4A51F /* PinOnMapUITests.swift */; };
/* End PBXBuildFile section */

/* Begin PBXContainerItemProxy section */
		5C031C8A24F8D1B000B4A51F /* PBXContainerItemProxy */ = {
			isa = PBXContainerItemProxy;
			containerPortal = 5C031C6B24F8D1AE00B4A51F /* Project object */;
			proxyType = 1;
			remoteGlobalIDString = 5C031C7224F8D1AE00B4A51F;
			remoteInfo = PinOnMap;
		};
		5C031C9524F8D1B000B4A51F /* PBXContainerItemProxy */ = {
			isa = PBXContainerItemProxy;
			containerPortal = 5C031C6B24F8D1AE00B4A51F /* Project object */;
			proxyType = 1;
			remoteGlobalIDString = 5C031C7224F8D1AE00B4A51F;
			remoteInfo = PinOnMap;
		};
/* End PBXContainerItemProxy section */

/* Begin PBXFileReference section */
		5C031C7324F8D1AE00B4A51F /* PinOnMap.app */ = {isa = PBXFileReference; explicitFileType = wrapper.application; includeInIndex = 0; path = PinOnMap.app; sourceTree = BUILT_PRODUCTS_DIR; };
		5C031C7624F8D1AE00B4A51F /* AppDelegate.swift */ = {isa = PBXFileReference; lastKnownFileType = sourcecode.swift; path = AppDelegate.swift; sourceTree = "<group>"; };
		5C031C7824F8D1AE00B4A51F /* SceneDelegate.swift */ = {isa = PBXFileReference; lastKnownFileType = sourcecode.swift; path = SceneDelegate.swift; sourceTree = "<group>"; };
		5C031C7A24F8D1AE00B4A51F /* ViewController.swift */ = {isa = PBXFileReference; lastKnownFileType = sourcecode.swift; path = ViewController.swift; sourceTree = "<group>"; };
		5C031C7D24F8D1AE00B4A51F /* Base */ = {isa = PBXFileReference; lastKnownFileType = file.storyboard; name = Base; path = Base.lproj/Main.storyboard; sourceTree = "<group>"; };
		5C031C7F24F8D1B000B4A51F /* Assets.xcassets */ = {isa = PBXFileReference; lastKnownFileType = folder.assetcatalog; path = Assets.xcassets; sourceTree = "<group>"; };
		5C031C8224F8D1B000B4A51F /* Base */ = {isa = PBXFileReference; lastKnownFileType = file.storyboard; name = Base; path = Base.lproj/LaunchScreen.storyboard; sourceTree = "<group>"; };
		5C031C8424F8D1B000B4A51F /* Info.plist */ = {isa = PBXFileReference; lastKnownFileType = text.plist.xml; path = Info.plist; sourceTree = "<group>"; };
		5C031C8924F8D1B000B4A51F /* PinOnMapTests.xctest */ = {isa = PBXFileReference; explicitFileType = wrapper.cfbundle; includeInIndex = 0; path = PinOnMapTests.xctest; sourceTree = BUILT_PRODUCTS_DIR; };
		5C031C8D24F8D1B000B4A51F /* PinOnMapTests.swift */ = {isa = PBXFileReference; lastKnownFileType = sourcecode.swift; path = PinOnMapTests.swift; sourceTree = "<group>"; };
		5C031C8F24F8D1B000B4A51F /* Info.plist */ = {isa = PBXFileReference; lastKnownFileType = text.plist.xml; path = Info.plist; sourceTree = "<group>"; };
		5C031C9424F8D1B000B4A51F /* PinOnMapUITests.xctest */ = {isa = PBXFileReference; explicitFileType = wrapper.cfbundle; includeInIndex = 0; path = PinOnMapUITests.xctest; sourceTree = BUILT_PRODUCTS_DIR; };
		5C031C9824F8D1B000B4A51F /* PinOnMapUITests.swift */ = {isa = PBXFileReference; lastKnownFileType = sourcecode.swift; path = PinOnMapUITests.swift; sourceTree = "<group>"; };
		5C031C9A24F8D1B000B4A51F /* Info.plist */ = {isa = PBXFileReference; lastKnownFileType = text.plist.xml; path = Info.plist; sourceTree = "<group>"; };
/* End PBXFileReference section */

/* Begin PBXFrameworksBuildPhase section */
		5C031C7024F8D1AE00B4A51F /* Frameworks */ = {
			isa = PBXFrameworksBuildPhase;
			buildActionMask = 2147483647;
			files = (
			);
			runOnlyForDeploymentPostprocessing = 0;
		};
		5C031C8624F8D1B000B4A51F /* Frameworks */ = {
			isa = PBXFrameworksBuildPhase;
			buildActionMask = 2147483647;
			files = (
			);
			runOnlyForDeploymentPostprocessing = 0;
		};
		5C031C9124F8D1B000B4A51F /* Frameworks */ = {
			isa = PBXFrameworksBuildPhase;
			buildActionMask = 2147483647;
			files = (
			);
			runOnlyForDeploymentPostprocessing = 0;
		};
/* End PBXFrameworksBuildPhase section */

/* Begin PBXGroup section */
		5C031C6A24F8D1AE00B4A51F = {
			isa = PBXGroup;
			children = (
				5C031C7524F8D1AE00B4A51F /* PinOnMap */,
				5C031C8C24F8D1B000B4A51F /* PinOnMapTests */,
				5C031C9724F8D1B000B4A51F /* PinOnMapUITests */,
				5C031C7424F8D1AE00B4A51F /* Products */,
			);
			sourceTree = "<group>";
		};
		5C031C7424F8D1AE00B4A51F /* Products */ = {
			isa = PBXGroup;
			children = (
				5C031C7324F8D1AE00B4A51F /* PinOnMap.app */,
				5C031C8924F8D1B000B4A51F /* PinOnMapTests.xctest */,
				5C031C9424F8D1B000B4A51F /* PinOnMapUITests.xctest */,
			);
			name = Products;
			sourceTree = "<group>";
		};
		5C031C7524F8D1AE00B4A51F /* PinOnMap */ = {
			isa = PBXGroup;
			children = (
				5C031C7624F8D1AE00B4A51F /* AppDelegate.swift */,
				5C031C7824F8D1AE00B4A51F /* SceneDelegate.swift */,
				5C031C7A24F8D1AE00B4A51F /* ViewController.swift */,
				5C031C7C24F8D1AE00B4A51F /* Main.storyboard */,
				5C031C7F24F8D1B000B4A51F /* Assets.xcassets */,
				5C031C8124F8D1B000B4A51F /* LaunchScreen.storyboard */,
				5C031C8424F8D1B000B4A51F /* Info.plist */,
			);
			path = PinOnMap;
			sourceTree = "<group>";
		};
		5C031C8C24F8D1B000B4A51F /* PinOnMapTests */ = {
			isa = PBXGroup;
			children = (
				5C031C8D24F8D1B000B4A51F /* PinOnMapTests.swift */,
				5C031C8F24F8D1B000B4A51F /* Info.plist */,
			);
			path = PinOnMapTests;
			sourceTree = "<group>";
		};
		5C031C9724F8D1B000B4A51F /* PinOnMapUITests */ = {
			isa = PBXGroup;
			children = (
				5C031C9824F8D1B000B4A51F /* PinOnMapUITests.swift */,
				5C031C9A24F8D1B000B4A51F /* Info.plist */,
			);
			path = PinOnMapUITests;
			sourceTree = "<group>";
		};
/* End PBXGroup section */

/* Begin PBXNativeTarget section */
		5C031C7224F8D1AE00B4A51F /* PinOnMap */ = {
			isa = PBXNativeTarget;
			buildConfigurationList = 5C031C9D24F8D1B000B4A51F /* Build configuration list for PBXNativeTarget "PinOnMap" */;
			buildPhases = (
				5C031C6F24F8D1AE00B4A51F /* Sources */,
				5C031C7024F8D1AE00B4A51F /* Frameworks */,
				5C031C7124F8D1AE00B4A51F /* Resources */,
			);
			buildRules = (
			);
			dependencies = (
			);
			name = PinOnMap;
			productName = PinOnMap;
			productReference = 5C031C7324F8D1AE00B4A51F /* PinOnMap.app */;
			productType = "com.apple.product-type.application";
		};
		5C031C8824F8D1B000B4A51F /* PinOnMapTests */ = {
			isa = PBXNativeTarget;
			buildConfigurationList = 5C031CA024F8D1B000B4A51F /* Build configuration list for PBXNativeTarget "PinOnMapTests" */;
			buildPhases = (
				5C031C8524F8D1B000B4A51F /* Sources */,
				5C031C8624F8D1B000B4A51F /* Frameworks */,
				5C031C8724F8D1B000B4A51F /* Resources */,
			);
			buildRules = (
			);
			dependencies = (
				5C031C8B24F8D1B000B4A51F /* PBXTargetDependency */,
			);
			name = PinOnMapTests;
			productName = PinOnMapTests;
			productReference = 5C031C8924F8D1B000B4A51F /* PinOnMapTests.xctest */;
			productType = "com.apple.product-type.bundle.unit-test";
		};
		5C031C9324F8D1B000B4A51F /* PinOnMapUITests */ = {
			isa = PBXNativeTarget;
			buildConfigurationList = 5C031CA324F8D1B000B4A51F /* Build configuration list for PBXNativeTarget "PinOnMapUITests" */;
			buildPhases = (
				5C031C9024F8D1B000B4A51F /* Sources */,
				5C031C9124F8D1B000B4A51F /* Frameworks */,
				5C031C9224F8D1B000B4A51F /* Resources */,
			);
			buildRules = (
			);
			dependencies = (
				5C031C9624F8D1B000B4A51F /* PBXTargetDependency */,
			);
			name = PinOnMapUITests;
			productName = PinOnMapUITests;
			productReference = 5C031C9424F8D1B000B4A51F /* PinOnMapUITests.xctest */;
			productType = "com.apple.product-type.bundle.ui-testing";
		};
/* End PBXNativeTarget section */

/* Begin PBXProject section */
		5C031C6B24F8D1AE00B4A51F /* Project object */ = {
			isa = PBXProject;
			attributes = {
				LastSwiftUpdateCheck = 1150;
				LastUpgradeCheck = 1150;
				ORGANIZATIONNAME = "Shreyas Vilaschandra Bhike";
				TargetAttributes = {
					5C031C7224F8D1AE00B4A51F = {
						CreatedOnToolsVersion = 11.5;
					};
					5C031C8824F8D1B000B4A51F = {
						CreatedOnToolsVersion = 11.5;
						TestTargetID = 5C031C7224F8D1AE00B4A51F;
					};
					5C031C9324F8D1B000B4A51F = {
						CreatedOnToolsVersion = 11.5;
						TestTargetID = 5C031C7224F8D1AE00B4A51F;
					};
				};
			};
			buildConfigurationList = 5C031C6E24F8D1AE00B4A51F /* Build configuration list for PBXProject "PinOnMap" */;
			compatibilityVersion = "Xcode 9.3";
			developmentRegion = en;
			hasScannedForEncodings = 0;
			knownRegions = (
				en,
				Base,
			);
			mainGroup = 5C031C6A24F8D1AE00B4A51F;
			productRefGroup = 5C031C7424F8D1AE00B4A51F /* Products */;
			projectDirPath = "";
			projectRoot = "";
			targets = (
				5C031C7224F8D1AE00B4A51F /* PinOnMap */,
				5C031C8824F8D1B000B4A51F /* PinOnMapTests */,
				5C031C9324F8D1B000B4A51F /* PinOnMapUITests */,
			);
		};
/* End PBXProject section */

/* Begin PBXResourcesBuildPhase section */
		5C031C7124F8D1AE00B4A51F /* Resources */ = {
			isa = PBXResourcesBuildPhase;
			buildActionMask = 2147483647;
			files = (
				5C031C8324F8D1B000B4A51F /* LaunchScreen.storyboard in Resources */,
				5C031C8024F8D1B000B4A51F /* Assets.xcassets in Resources */,
				5C031C7E24F8D1AE00B4A51F /* Main.storyboard in Resources */,
			);
			runOnlyForDeploymentPostprocessing = 0;
		};
		5C031C8724F8D1B000B4A51F /* Resources */ = {
			isa = PBXResourcesBuildPhase;
			buildActionMask = 2147483647;
			files = (
			);
			runOnlyForDeploymentPostprocessing = 0;
		};
		5C031C9224F8D1B000B4A51F /* Resources */ = {
			isa = PBXResourcesBuildPhase;
			buildActionMask = 2147483647;
			files = (
			);
			runOnlyForDeploymentPostprocessing = 0;
		};
/* End PBXResourcesBuildPhase section */

/* Begin PBXSourcesBuildPhase section */
		5C031C6F24F8D1AE00B4A51F /* Sources */ = {
			isa = PBXSourcesBuildPhase;
			buildActionMask = 2147483647;
			files = (
				5C031C7B24F8D1AE00B4A51F /* ViewController.swift in Sources */,
				5C031C7724F8D1AE00B4A51F /* AppDelegate.swift in Sources */,
				5C031C7924F8D1AE00B4A51F /* SceneDelegate.swift in Sources */,
			);
			runOnlyForDeploymentPostprocessing = 0;
		};
		5C031C8524F8D1B000B4A51F /* Sources */ = {
			isa = PBXSourcesBuildPhase;
			buildActionMask = 2147483647;
			files = (
				5C031C8E24F8D1B000B4A51F /* PinOnMapTests.swift in Sources */,
			);
			runOnlyForDeploymentPostprocessing = 0;
		};
		5C031C9024F8D1B000B4A51F /* Sources */ = {
			isa = PBXSourcesBuildPhase;
			buildActionMask = 2147483647;
			files = (
				5C031C9924F8D1B000B4A51F /* PinOnMapUITests.swift in Sources */,
			);
			runOnlyForDeploymentPostprocessing = 0;
		};
/* End PBXSourcesBuildPhase section */

/* Begin PBXTargetDependency section */
		5C031C8B24F8D1B000B4A51F /* PBXTargetDependency */ = {
			isa = PBXTargetDependency;
			target = 5C031C7224F8D1AE00B4A51F /* PinOnMap */;
			targetProxy = 5C031C8A24F8D1B000B4A51F /* PBXContainerItemProxy */;
		};
		5C031C9624F8D1B000B4A51F /* PBXTargetDependency */ = {
			isa = PBXTargetDependency;
			target = 5C031C7224F8D1AE00B4A51F /* PinOnMap */;
			targetProxy = 5C031C9524F8D1B000B4A51F /* PBXContainerItemProxy */;
		};
/* End PBXTargetDependency section */

/* Begin PBXVariantGroup section */
		5C031C7C24F8D1AE00B4A51F /* Main.storyboard */ = {
			isa = PBXVariantGroup;
			children = (
				5C031C7D24F8D1AE00B4A51F /* Base */,
			);
			name = Main.storyboard;
			sourceTree = "<group>";
		};
		5C031C8124F8D1B000B4A51F /* LaunchScreen.storyboard */ = {
			isa = PBXVariantGroup;
			children = (
				5C031C8224F8D1B000B4A51F /* Base */,
			);
			name = LaunchScreen.storyboard;
			sourceTree = "<group>";
		};
/* End PBXVariantGroup section */

/* Begin XCBuildConfiguration section */
		5C031C9B24F8D1B000B4A51F /* Debug */ = {
			isa = XCBuildConfiguration;
			buildSettings = {
				ALWAYS_SEARCH_USER_PATHS = NO;
				CLANG_ANALYZER_NONNULL = YES;
				CLANG_ANALYZER_NUMBER_OBJECT_CONVERSION = YES_AGGRESSIVE;
				CLANG_CXX_LANGUAGE_STANDARD = "gnu++14";
				CLANG_CXX_LIBRARY = "libc++";
				CLANG_ENABLE_MODULES = YES;
				CLANG_ENABLE_OBJC_ARC = YES;
				CLANG_ENABLE_OBJC_WEAK = YES;
				CLANG_WARN_BLOCK_CAPTURE_AUTORELEASING = YES;
				CLANG_WARN_BOOL_CONVERSION = YES;
				CLANG_WARN_COMMA = YES;
				CLANG_WARN_CONSTANT_CONVERSION = YES;
				CLANG_WARN_DEPRECATED_OBJC_IMPLEMENTATIONS = YES;
				CLANG_WARN_DIRECT_OBJC_ISA_USAGE = YES_ERROR;
				CLANG_WARN_DOCUMENTATION_COMMENTS = YES;
				CLANG_WARN_EMPTY_BODY = YES;
				CLANG_WARN_ENUM_CONVERSION = YES;
				CLANG_WARN_INFINITE_RECURSION = YES;
				CLANG_WARN_INT_CONVERSION = YES;
				CLANG_WARN_NON_LITERAL_NULL_CONVERSION = YES;
				CLANG_WARN_OBJC_IMPLICIT_RETAIN_SELF = YES;
				CLANG_WARN_OBJC_LITERAL_CONVERSION = YES;
				CLANG_WARN_OBJC_ROOT_CLASS = YES_ERROR;
				CLANG_WARN_RANGE_LOOP_ANALYSIS = YES;
				CLANG_WARN_STRICT_PROTOTYPES = YES;
				CLANG_WARN_SUSPICIOUS_MOVE = YES;
				CLANG_WARN_UNGUARDED_AVAILABILITY = YES_AGGRESSIVE;
				CLANG_WARN_UNREACHABLE_CODE = YES;
				CLANG_WARN__DUPLICATE_METHOD_MATCH = YES;
				COPY_PHASE_STRIP = NO;
				DEBUG_INFORMATION_FORMAT = dwarf;
				ENABLE_STRICT_OBJC_MSGSEND = YES;
				ENABLE_TESTABILITY = YES;
				GCC_C_LANGUAGE_STANDARD = gnu11;
				GCC_DYNAMIC_NO_PIC = NO;
				GCC_NO_COMMON_BLOCKS = YES;
				GCC_OPTIMIZATION_LEVEL = 0;
				GCC_PREPROCESSOR_DEFINITIONS = (
					"DEBUG=1",
					"$(inherited)",
				);
				GCC_WARN_64_TO_32_BIT_CONVERSION = YES;
				GCC_WARN_ABOUT_RETURN_TYPE = YES_ERROR;
				GCC_WARN_UNDECLARED_SELECTOR = YES;
				GCC_WARN_UNINITIALIZED_AUTOS = YES_AGGRESSIVE;
				GCC_WARN_UNUSED_FUNCTION = YES;
				GCC_WARN_UNUSED_VARIABLE = YES;
				IPHONEOS_DEPLOYMENT_TARGET = 13.5;
				MTL_ENABLE_DEBUG_INFO = INCLUDE_SOURCE;
				MTL_FAST_MATH = YES;
				ONLY_ACTIVE_ARCH = YES;
				SDKROOT = iphoneos;
				SWIFT_ACTIVE_COMPILATION_CONDITIONS = DEBUG;
				SWIFT_OPTIMIZATION_LEVEL = "-Onone";
			};
			name = Debug;
		};
		5C031C9C24F8D1B000B4A51F /* Release */ = {
			isa = XCBuildConfiguration;
			buildSettings = {
				ALWAYS_SEARCH_USER_PATHS = NO;
				CLANG_ANALYZER_NONNULL = YES;
				CLANG_ANALYZER_NUMBER_OBJECT_CONVERSION = YES_AGGRESSIVE;
				CLANG_CXX_LANGUAGE_STANDARD = "gnu++14";
				CLANG_CXX_LIBRARY = "libc++";
				CLANG_ENABLE_MODULES = YES;
				CLANG_ENABLE_OBJC_ARC = YES;
				CLANG_ENABLE_OBJC_WEAK = YES;
				CLANG_WARN_BLOCK_CAPTURE_AUTORELEASING = YES;
				CLANG_WARN_BOOL_CONVERSION = YES;
				CLANG_WARN_COMMA = YES;
				CLANG_WARN_CONSTANT_CONVERSION = YES;
				CLANG_WARN_DEPRECATED_OBJC_IMPLEMENTATIONS = YES;
				CLANG_WARN_DIRECT_OBJC_ISA_USAGE = YES_ERROR;
				CLANG_WARN_DOCUMENTATION_COMMENTS = YES;
				CLANG_WARN_EMPTY_BODY = YES;
				CLANG_WARN_ENUM_CONVERSION = YES;
				CLANG_WARN_INFINITE_RECURSION = YES;
				CLANG_WARN_INT_CONVERSION = YES;
				CLANG_WARN_NON_LITERAL_NULL_CONVERSION = YES;
				CLANG_WARN_OBJC_IMPLICIT_RETAIN_SELF = YES;
				CLANG_WARN_OBJC_LITERAL_CONVERSION = YES;
				CLANG_WARN_OBJC_ROOT_CLASS = YES_ERROR;
				CLANG_WARN_RANGE_LOOP_ANALYSIS = YES;
				CLANG_WARN_STRICT_PROTOTYPES = YES;
				CLANG_WARN_SUSPICIOUS_MOVE = YES;
				CLANG_WARN_UNGUARDED_AVAILABILITY = YES_AGGRESSIVE;
				CLANG_WARN_UNREACHABLE_CODE = YES;
				CLANG_WARN__DUPLICATE_METHOD_MATCH = YES;
				COPY_PHASE_STRIP = NO;
				DEBUG_INFORMATION_FORMAT = "dwarf-with-dsym";
				ENABLE_NS_ASSERTIONS = NO;
				ENABLE_STRICT_OBJC_MSGSEND = YES;
				GCC_C_LANGUAGE_STANDARD = gnu11;
				GCC_NO_COMMON_BLOCKS = YES;
				GCC_WARN_64_TO_32_BIT_CONVERSION = YES;
				GCC_WARN_ABOUT_RETURN_TYPE = YES_ERROR;
				GCC_WARN_UNDECLARED_SELECTOR = YES;
				GCC_WARN_UNINITIALIZED_AUTOS = YES_AGGRESSIVE;
				GCC_WARN_UNUSED_FUNCTION = YES;
				GCC_WARN_UNUSED_VARIABLE = YES;
				IPHONEOS_DEPLOYMENT_TARGET = 13.5;
				MTL_ENABLE_DEBUG_INFO = NO;
				MTL_FAST_MATH = YES;
				SDKROOT = iphoneos;
				SWIFT_COMPILATION_MODE = wholemodule;
				SWIFT_OPTIMIZATION_LEVEL = "-O";
				VALIDATE_PRODUCT = YES;
			};
			name = Release;
		};
		5C031C9E24F8D1B000B4A51F /* Debug */ = {
			isa = XCBuildConfiguration;
			buildSettings = {
				ASSETCATALOG_COMPILER_APPICON_NAME = AppIcon;
				CODE_SIGN_STYLE = Automatic;
				INFOPLIST_FILE = PinOnMap/Info.plist;
				LD_RUNPATH_SEARCH_PATHS = (
					"$(inherited)",
					"@executable_path/Frameworks",
				);
				PRODUCT_BUNDLE_IDENTIFIER = com.shreyasvilaschandrabhike.PinOnMap;
				PRODUCT_NAME = "$(TARGET_NAME)";
				SWIFT_VERSION = 5.0;
				TARGETED_DEVICE_FAMILY = "1,2";
			};
			name = Debug;
		};
		5C031C9F24F8D1B000B4A51F /* Release */ = {
			isa = XCBuildConfiguration;
			buildSettings = {
				ASSETCATALOG_COMPILER_APPICON_NAME = AppIcon;
				CODE_SIGN_STYLE = Automatic;
				INFOPLIST_FILE = PinOnMap/Info.plist;
				LD_RUNPATH_SEARCH_PATHS = (
					"$(inherited)",
					"@executable_path/Frameworks",
				);
				PRODUCT_BUNDLE_IDENTIFIER = com.shreyasvilaschandrabhike.PinOnMap;
				PRODUCT_NAME = "$(TARGET_NAME)";
				SWIFT_VERSION = 5.0;
				TARGETED_DEVICE_FAMILY = "1,2";
			};
			name = Release;
		};
		5C031CA124F8D1B000B4A51F /* Debug */ = {
			isa = XCBuildConfiguration;
			buildSettings = {
				ALWAYS_EMBED_SWIFT_STANDARD_LIBRARIES = YES;
				BUNDLE_LOADER = "$(TEST_HOST)";
				CODE_SIGN_STYLE = Automatic;
				INFOPLIST_FILE = PinOnMapTests/Info.plist;
				IPHONEOS_DEPLOYMENT_TARGET = 13.5;
				LD_RUNPATH_SEARCH_PATHS = (
					"$(inherited)",
					"@executable_path/Frameworks",
					"@loader_path/Frameworks",
				);
				PRODUCT_BUNDLE_IDENTIFIER = com.shreyasvilaschandrabhike.PinOnMapTests;
				PRODUCT_NAME = "$(TARGET_NAME)";
				SWIFT_VERSION = 5.0;
				TARGETED_DEVICE_FAMILY = "1,2";
				TEST_HOST = "$(BUILT_PRODUCTS_DIR)/PinOnMap.app/PinOnMap";
			};
			name = Debug;
		};
		5C031CA224F8D1B000B4A51F /* Release */ = {
			isa = XCBuildConfiguration;
			buildSettings = {
				ALWAYS_EMBED_SWIFT_STANDARD_LIBRARIES = YES;
				BUNDLE_LOADER = "$(TEST_HOST)";
				CODE_SIGN_STYLE = Automatic;
				INFOPLIST_FILE = PinOnMapTests/Info.plist;
				IPHONEOS_DEPLOYMENT_TARGET = 13.5;
				LD_RUNPATH_SEARCH_PATHS = (
					"$(inherited)",
					"@executable_path/Frameworks",
					"@loader_path/Frameworks",
				);
				PRODUCT_BUNDLE_IDENTIFIER = com.shreyasvilaschandrabhike.PinOnMapTests;
				PRODUCT_NAME = "$(TARGET_NAME)";
				SWIFT_VERSION = 5.0;
				TARGETED_DEVICE_FAMILY = "1,2";
				TEST_HOST = "$(BUILT_PRODUCTS_DIR)/PinOnMap.app/PinOnMap";
			};
			name = Release;
		};
		5C031CA424F8D1B000B4A51F /* Debug */ = {
			isa = XCBuildConfiguration;
			buildSettings = {
				ALWAYS_EMBED_SWIFT_STANDARD_LIBRARIES = YES;
				CODE_SIGN_STYLE = Automatic;
				INFOPLIST_FILE = PinOnMapUITests/Info.plist;
				LD_RUNPATH_SEARCH_PATHS = (
					"$(inherited)",
					"@executable_path/Frameworks",
					"@loader_path/Frameworks",
				);
				PRODUCT_BUNDLE_IDENTIFIER = com.shreyasvilaschandrabhike.PinOnMapUITests;
				PRODUCT_NAME = "$(TARGET_NAME)";
				SWIFT_VERSION = 5.0;
				TARGETED_DEVICE_FAMILY = "1,2";
				TEST_TARGET_NAME = PinOnMap;
			};
			name = Debug;
		};
		5C031CA524F8D1B000B4A51F /* Release */ = {
			isa = XCBuildConfiguration;
			buildSettings = {
				ALWAYS_EMBED_SWIFT_STANDARD_LIBRARIES = YES;
				CODE_SIGN_STYLE = Automatic;
				INFOPLIST_FILE = PinOnMapUITests/Info.plist;
				LD_RUNPATH_SEARCH_PATHS = (
					"$(inherited)",
					"@executable_path/Frameworks",
					"@loader_path/Frameworks",
				);
				PRODUCT_BUNDLE_IDENTIFIER = com.shreyasvilaschandrabhike.PinOnMapUITests;
				PRODUCT_NAME = "$(TARGET_NAME)";
				SWIFT_VERSION = 5.0;
				TARGETED_DEVICE_FAMILY = "1,2";
				TEST_TARGET_NAME = PinOnMap;
			};
			name = Release;
		};
/* End XCBuildConfiguration section */

/* Begin XCConfigurationList section */
		5C031C6E24F8D1AE00B4A51F /* Build configuration list for PBXProject "PinOnMap" */ = {
			isa = XCConfigurationList;
			buildConfigurations = (
				5C031C9B24F8D1B000B4A51F /* Debug */,
				5C031C9C24F8D1B000B4A51F /* Release */,
			);
			defaultConfigurationIsVisible = 0;
			defaultConfigurationName = Release;
		};
		5C031C9D24F8D1B000B4A51F /* Build configuration list for PBXNativeTarget "PinOnMap" */ = {
			isa = XCConfigurationList;
			buildConfigurations = (
				5C031C9E24F8D1B000B4A51F /* Debug */,
				5C031C9F24F8D1B000B4A51F /* Release */,
			);
			defaultConfigurationIsVisible = 0;
			defaultConfigurationName = Release;
		};
		5C031CA024F8D1B000B4A51F /* Build configuration list for PBXNativeTarget "PinOnMapTests" */ = {
			isa = XCConfigurationList;
			buildConfigurations = (
				5C031CA124F8D1B000B4A51F /* Debug */,
				5C031CA224F8D1B000B4A51F /* Release */,
			);
			defaultConfigurationIsVisible = 0;
			defaultConfigurationName = Release;
		};
		5C031CA324F8D1B000B4A51F /* Build configuration list for PBXNativeTarget "PinOnMapUITests" */ = {
			isa = XCConfigurationList;
			buildConfigurations = (
				5C031CA424F8D1B000B4A51F /* Debug */,
				5C031CA524F8D1B000B4A51F /* Release */,
			);
			defaultConfigurationIsVisible = 0;
			defaultConfigurationName = Release;
		};
/* End XCConfigurationList section */
	};
	rootObject = 5C031C6B24F8D1AE00B4A51F /* Project object */;
}
